
Microsoft Visual Studio Solution File, Format Version 12.00
# Visual Studio Version 17
VisualStudioVersion = 17.9.34728.123
MinimumVisualStudioVersion = 10.0.40219.1
Project("{FAE04EC0-301F-11D3-BF4B-00C04F79EFBC}") = "APICEP", "APICEP\APICEP.csproj", "{C66B4E66-6F5F-45D6-B96A-E1C43E0918AD}"
EndProject
Global
	GlobalSection(SolutionConfigurationPlatforms) = preSolution
		Debug|Any CPU = Debug|Any CPU
		Release|Any CPU = Release|Any CPU
	EndGlobalSection
	GlobalSection(ProjectConfigurationPlatforms) = postSolution
		{C66B4E66-6F5F-45D6-B96A-E1C43E0918AD}.Debug|Any CPU.ActiveCfg = Debug|Any CPU
		{C66B4E66-6F5F-45D6-B96A-E1C43E0918AD}.Debug|Any CPU.Build.0 = Debug|Any CPU
		{C66B4E66-6F5F-45D6-B96A-E1C43E0918AD}.Release|Any CPU.ActiveCfg = Release|Any CPU
		{C66B4E66-6F5F-45D6-B96A-E1C43E0918AD}.Release|Any CPU.Build.0 = Release|Any CPU
	EndGlobalSection
	GlobalSection(SolutionProperties) = preSolution
		HideSolutionNode = FALSE
	EndGlobalSection
	GlobalSection(ExtensibilityGlobals) = postSolution
		SolutionGuid = {EF62DE96-DCFD-4B5C-B587-E0D9391F6C46}
	EndGlobalSection
EndGlobal
